{
  "name": "forge-llm",
  "version": "0.15.10",
  "lockfileVersion": 3,
  "requires": true,
  "packages": {
    "": {
      "name": "forge-llm",
      "version": "0.15.10",
      "license": "Apache-2.0",
      "dependencies": {
        "@modelcontextprotocol/sdk": "^1.30.0",
        "@mozilla/readability": "^0.6.0",
        "@whiskeysockets/baileys": "7.0.0-rc14",
        "highlight.js": "^11.11.1",
        "js-yaml": "^4.3.1",
        "nunjucks": "^3.2.4",
        "pdfjs-dist": "5.5.207",
        "qrcode": "^1.5.4",
        "react": "^19.2.5",
        "react-dom": "^19.2.5",
        "react-markdown": "^10.1.0",
        "rehype-highlight": "^7.0.2",
        "remark-gfm": "^4.0.1",
        "turndown": "^7.2.0",
        "yaml": "^2.9.0",
        "zod": "^4.3.6"
      },
      "devDependencies": {
        "@resvg/resvg-js": "^2.6.2",
        "@types/js-yaml": "^4.0.9",
        "@types/node": "^20.0.0",
        "@types/nunjucks": "^3.2.6",
        "@types/qrcode": "^1.5.6",
        "@types/react": "^19.2.14",
        "@types/react-dom": "^19.2.3",
        "@types/turndown": "^5.0.4",
        "@types/vscode": "^1.90.0",
        "@typescript-eslint/eslint-plugin": "^7.0.0",
        "@typescript-eslint/parser": "^7.0.0",
        "@vitest/coverage-v8": "^4.1.11",
        "@vscode/test-electron": "^2.4.0",
        "@vscode/vsce": "^3.0.0",
        "esbuild": "^0.28.2",
        "eslint": "^8.57.0",
        "eslint-config-prettier": "^9.0.0",
        "eslint-plugin-prettier": "^5.0.0",
        "jsdom": "^29.1.1",
        "prettier": "^3.0.0",
        "typescript": "^5.4.0",
        "vitest": "^4.1.11"
      },
      "engines": {
        "vscode": "^1.90.0"
      }
    },
    "node_modules/@asamuzakjp/css-color": {
      "version": "5.1.11",
      "resolved": "https://registry.npmjs.org/@asamuzakjp/css-color/-/css-color-5.1.11.tgz",
      "integrity": "sha512-KVw6qIiCTUQhByfTd78h2yD1/00waTmm9uy/R7Ck/ctUyAPj+AEDLkQIdJW0T8+qGgj3j5bpNKK7Q3G+LedJWg==",
      "dev": true,
      "license": "MIT",
      "dependencies": {
        "@asamuzakjp/generational-cache": "^1.0.1",
        "@csstools/css-calc": "^3.2.0",
        "@csstools/css-color-parser": "^4.1.0",
        "@csstools/css-parser-algorithms": "^4.0.0",
        "@csstools/css-tokenizer": "^4.0.0"
      },
      "engines": {
        "node": "^20.19.0 || ^22.12.0 || >=24.0.0"
      }
    },
    "node_modules/@asamuzakjp/dom-selector": {
      "version": "7.1.1",
      "resolved": "https://registry.npmjs.org/@asamuzakjp/dom-selector/-/dom-selector-7.1.1.tgz",
      "integrity": "sha512-67RZDnYRc8H/8MLDgQCDE//zoqVFwajkepHZgmXrbwybzXOEwOWGPYGmALYl9J2DOLfFPPs6kKCqmbzV895hTQ==",
      "dev": true,
      "license": "MIT",
      "dependencies": {
        "@asamuzakjp/generational-cache": "^1.0.1",
        "@asamuzakjp/nwsapi": "^2.3.9",
        "bidi-js": "^1.0.3",
        "css-tree": "^3.2.1",
        "is-potential-custom-element-name": "^1.0.1"
      },
      "engines": {
        "node": "^20.19.0 || ^22.12.0 || >=24.0.0"
      }
    },
    "node_modules/@asamuzakjp/generational-cache": {
      "version": "1.0.1",
      "resolved": "https://registry.npmjs.org/@asamuzakjp/generational-cache/-/generational-cache-1.0.1.tgz",
      "integrity": "sha512-wajfB8KqzMCN2KGNFdLkReeHncd0AslUSrvHVvvYWuU8ghncRJoA50kT3zP9MVL0+9g4/67H+cdvBskj9THPzg==",
      "dev": true,
      "license": "MIT",
      "engines": {
        "node": "^20.19.0 || ^22.12.0 || >=24.0.0"
      }
    },
    "node_modules/@asamuzakjp/nwsapi": {
      "version": "2.3.9",
      "resolved": "https://registry.npmjs.org/@asamuzakjp/nwsapi/-/nwsapi-2.3.9.tgz",
      "integrity": "sha512-n8GuYSrI9bF7FFZ/SjhwevlHc8xaVlb/7HmHelnc/PZXBD2ZR49NnN9sMMuDdEGPeeRQ5d0hqlSlEpgCX3Wl0Q==",
      "dev": true,
      "license": "MIT"
    },
    "node_modules/@azu/format-text": {
      "version": "1.0.2",
      "resolved": "https://registry.npmjs.org/@azu/format-text/-/format-text-1.0.2.tgz",
      "integrity": "sha512-Swi4N7Edy1Eqq82GxgEECXSSLyn6GOb5htRFPzBDdUkECGXtlf12ynO5oJSpWKPwCaUssOu7NfhDcCWpIC6Ywg==",
      "dev": true,
      "license": "BSD-3-Clause"
    },
    "node_modules/@azu/style-format": {
      "version": "1.0.1",
      "resolved": "https://registry.npmjs.org/@azu/style-format/-/style-format-1.0.1.tgz",
      "integrity": "sha512-AHcTojlNBdD/3/KxIKlg8sxIWHfOtQszLvOpagLTO+bjC3u7SAszu1lf//u7JJC50aUSH+BVWDD/KvaA6Gfn5g==",
      "dev": true,
      "license": "WTFPL",
      "dependencies": {
        "@azu/format-text": "^1.0.1"
      }
    },
    "node_modules/@azure/abort-controller": {
      "version": "2.1.2",
      "resolved": "https://registry.npmjs.org/@azure/abort-controller/-/abort-controller-2.1.2.tgz",
      "integrity": "sha512-nBrLsEWm4J2u5LpAPjxADTlq3trDgVZZXHNKabeXZtpq3d3AbN/KGO82R87rdDz5/lYB024rtEf10/q0urNgsA==",
      "dev": true,
      "license": "MIT",
      "dependencies": {
        "tslib": "^2.6.2"
      },
      "engines": {
        "node": ">=18.0.0"
      }
    },
    "node_modules/@azure/core-auth": {
      "version": "1.10.1",
      "resolved": "https://registry.npmjs.org/@azure/core-auth/-/core-auth-1.10.1.tgz",
      "integrity": "sha512-ykRMW8PjVAn+RS6ww5cmK9U2CyH9p4Q88YJwvUslfuMmN98w/2rdGRLPqJYObapBCdzBVeDgYWdJnFPFb7qzpg==",
      "dev": true,
      "license": "MIT",
      "dependencies": {
        "@azure/abort-controller": "^2.1.2",
        "@azure/core-util": "^1.13.0",
        "tslib": "^2.6.2"
      },
      "engines": {
        "node": ">=20.0.0"
      }
    },
    "node_modules/@azure/core-client": {
      "version": "1.10.1",
      "resolved": "https://registry.npmjs.org/@azure/core-client/-/core-client-1.10.1.tgz",
      "integrity": "sha512-Nh5PhEOeY6PrnxNPsEHRr9eimxLwgLlpmguQaHKBinFYA/RU9+kOYVOQqOrTsCL+KSxrLLl1gD8Dk5BFW/7l/w==",
      "dev": true,
      "license": "MIT",
      "dependencies": {
        "@azure/abort-controller": "^2.1.2",
        "@azure/core-auth": "^1.10.0",
        "@azure/core-rest-pipeline": "^1.22.0",
        "@azure/core-tracing": "^1.3.0",
        "@azure/core-util": "^1.13.0",
        "@azure/logger": "^1.3.0",
        "tslib": "^2.6.2"
      },
      "engines": {
        "node": ">=20.0.0"
      }
    },
    "node_modules/@azure/core-rest-pipeline": {
      "version": "1.23.0",
      "resolved": "https://registry.npmjs.org/@azure/core-rest-pipeline/-/core-rest-pipeline-1.23.0.tgz",
      "integrity": "sha512-Evs1INHo+jUjwHi1T6SG6Ua/LHOQBCLuKEEE6efIpt4ZOoNonaT1kP32GoOcdNDbfqsD2445CPri3MubBy5DEQ==",
      "dev": true,
      "license": "MIT",
      "dependencies": {
        "@azure/abort-controller": "^2.1.2",
        "@azure/core-auth": "^1.10.0",
        "@azure/core-tracing": "^1.3.0",
        "@azure/core-util": "^1.13.0",
        "@azure/logger": "^1.3.0",
        "@typespec/ts-http-runtime": "^0.3.4",
        "tslib": "^2.6.2"
      },
      "engines": {
        "node": ">=20.0.0"
      }
    },
    "node_modules/@azure/core-tracing": {
      "version": "1.3.1",
      "resolved": "https://registry.npmjs.org/@azure/core-tracing/-/core-tracing-1.3.1.tgz",
      "integrity": "sha512-9MWKevR7Hz8kNzzPLfX4EAtGM2b8mr50HPDBvio96bURP/9C+HjdH3sBlLSNNrvRAr5/k/svoH457gB5IKpmwQ==",
      "dev": true,
      "license": "MIT",
      "dependencies": {
        "tslib": "^2.6.2"
      },
      "engines": {
        "node": ">=20.0.0"
      }
    },
    "node_modules/@azure/core-util": {
      "version": "1.13.1",
      "resolved": "https://registry.npmjs.org/@azure/core-util/-/core-util-1.13.1.tgz",
      "integrity": "sha512-XPArKLzsvl0Hf0CaGyKHUyVgF7oDnhKoP85Xv6M4StF/1AhfORhZudHtOyf2s+FcbuQ9dPRAjB8J2KvRRMUK2A==",
      "dev": true,
      "license": "MIT",
      "dependencies": {
        "@azure/abort-controller": "^2.1.2",
        "@typespec/ts-http-runtime": "^0.3.0",
        "tslib": "^2.6.2"
      },
      "engines": {
        "node": ">=20.0.0"
      }
    },
    "node_modules/@azure/identity": {
      "version": "4.13.1",
      "resolved": "https://registry.npmjs.org/@azure/identity/-/identity-4.13.1.tgz",
      "integrity": "sha512-5C/2WD5Vb1lHnZS16dNQRPMjN6oV/Upba+C9nBIs15PmOi6A3ZGs4Lr2u60zw4S04gi+u3cEXiqTVP7M4Pz3kw==",
      "dev": true,
      "license": "MIT",
      "dependencies": {
        "@azure/abort-controller": "^2.0.0",
        "@azure/core-auth": "^1.9.0",
        "@azure/core-client": "^1.9.2",
        "@azure/core-rest-pipeline": "^1.17.0",
        "@azure/core-tracing": "^1.0.0",
        "@azure/core-util": "^1.11.0",
        "@azure/logger": "^1.0.0",
        "@azure/msal-browser": "^5.5.0",
        "@azure/msal-node": "^5.1.0",
        "open": "^10.1.0",
        "tslib": "^2.2.0"
      },
      "engines": {
        "node": ">=20.0.0"
      }
    },
    "node_modules/@azure/logger": {
      "version": "1.3.0",
      "resolved": "https://registry.npmjs.org/@azure/logger/-/logger-1.3.0.tgz",
      "integrity": "sha512-fCqPIfOcLE+CGqGPd66c8bZpwAji98tZ4JI9i/mlTNTlsIWslCfpg48s/ypyLxZTump5sypjrKn2/kY7q8oAbA==",
      "dev": true,
      "license": "MIT",
      "dependencies": {
        "@typespec/ts-http-runtime": "^0.3.0",
        "tslib": "^2.6.2"
      },
      "engines": {
        "node": ">=20.0.0"
      }
    },
    "node_modules/@azure/msal-browser": {
      "version": "5.8.0",
      "resolved": "https://registry.npmjs.org/@azure/msal-browser/-/msal-browser-5.8.0.tgz",
      "integrity": "sha512-X7IZV77bN56l7sbLjkcbQJX1t3U4tgxqztDr/XFbUcUfKk+z2FavcLgKP+OYUNj0wl/pEEtV9lldW9siY8BuHQ==",
      "dev": true,
      "license": "MIT",
      "dependencies": {
        "@azure/msal-common": "16.5.1"
      },
      "engines": {
        "node": ">=0.8.0"
      }
    },
    "node_modules/@azure/msal-common": {
      "version": "16.5.1",
      "resolved": "https://registry.npmjs.org/@azure/msal-common/-/msal-common-16.5.1.tgz",
      "integrity": "sha512-WS9w9SfI8SEYO7mTnxGeZ3UwQfhAVYCWglYF2/7GNx3ioHiAs2gPkl9eSwVs8cPrmiGh+zi9ai/OOKoq4cyzDw==",
      "dev": true,
      "license": "MIT",
      "engines": {
        "node": ">=0.8.0"
      }
    },
    "node_modules/@azure/msal-node": {
      "version": "5.4.0",
      "resolved": "https://registry.npmjs.org/@azure/msal-node/-/msal-node-5.4.0.tgz",
      "integrity": "sha512-6EZEParwHRlnSSIikw8FNAnAzwmh71uhveUXdPNFeZFviJ9SH+rwFiurhjzXqICYTrpm3E+dj693QOwfPbJXAQ==",
      "dev": true,
      "license": "MIT",
      "dependencies": {
        "@azure/msal-common": "16.11.1",
        "jsonwebtoken": "^9.0.0"
      },
      "engines": {
        "node": ">=20"
      }
    },
    "node_modules/@azure/msal-node/node_modules/@azure/msal-common": {
      "version": "16.11.1",
      "resolved": "https://registry.npmjs.org/@azure/msal-common/-/msal-common-16.11.1.tgz",
      "integrity": "sha512-yPohvMwWLv1XnaWnIUyKUh8CvcVChCGqG/VluGwfGmaAfrZTNt5yQ+sIs462Sgw6+e2K83KGmMJ860p73ZSCrw==",
      "dev": true,
      "license": "MIT",
      "engines": {
        "node": ">=0.8.0"
      }
    },
    "node_modules/@babel/code-frame": {
      "version": "7.29.0",
      "resolved": "https://registry.npmjs.org/@babel/code-frame/-/code-frame-7.29.0.tgz",
      "integrity": "sha512-9NhCeYjq9+3uxgdtp20LSiJXJvN0FeCtNGpJxuMFZ1Kv3cWUNb6DOhJwUvcVCzKGR66cw4njwM6hrJLqgOwbcw==",
      "dev": true,
      "license": "MIT",
      "dependencies": {
        "@babel/helper-validator-identifier": "^7.28.5",
        "js-tokens": "^4.0.0",
        "picocolors": "^1.1.1"
      },
      "engines": {
        "node": ">=6.9.0"
      }
    },
    "node_modules/@babel/helper-string-parser": {
      "version": "7.29.7",
      "resolved": "https://registry.npmjs.org/@babel/helper-string-parser/-/helper-string-parser-7.29.7.tgz",
      "integrity": "sha512-Pb5ijPrZ89GDH8223L4UP8i6QApWxs04RbPQJTeWDV0/keR2E36MeKnyr6LYmUUvqRRI+Iv87SuF1W6ErINzYw==",
      "dev": true,
      "license": "MIT",
      "engines": {
        "node": ">=6.9.0"
      }
    },
    "node_modules/@babel/helper-validator-identifier": {
      "version": "7.29.7",
      "resolved": "https://registry.npmjs.org/@babel/helper-validator-identifier/-/helper-validator-identifier-7.29.7.tgz",
      "integrity": "sha512-qehxGkRj55h/ff8EMaJ+cYhyaKlHIxqYDn682wQD7RNp9UujOQsHog2uS0r2vzr4pW+sXf90NeeayjcNaX3fFg==",
      "dev": true,
      "license": "MIT",
      "engines": {
        "node": ">=6.9.0"
      }
    },
    "node_modules/@babel/parser": {
      "version": "7.29.8",
      "resolved": "https://registry.npmjs.org/@babel/parser/-/parser-7.29.8.tgz",
      "integrity": "sha512-E8lTAYNB1KW+FH+VGJuZM1ioAx2E6oVlvQFRrf5P8ZZmsiJXYAD9vTFV7yyEURNzgh1dFqMZuO6tUwcARbqFCA==",
      "dev": true,
      "license": "MIT",
      "dependencies": {
        "@babel/types": "^7.29.8"
      },
      "bin": {
        "parser": "bin/babel-parser.js"
      },
      "engines": {
        "node": ">=6.0.0"
      }
    },
    "node_modules/@babel/types": {
      "version": "7.29.8",
      "resolved": "https://registry.npmjs.org/@babel/types/-/types-7.29.8.tgz",
      "integrity": "sha512-Vj1jF3cPfxg7OAfoI7QnVKLoILlm2JF9pnVHrX8qx7AHMiYWT+NDAA7jChlNgRS4WTLc/fD1lXLmPixluj+3Gg==",
      "dev": true,
      "license": "MIT",
      "dependencies": {
        "@babel/helper-string-parser": "^7.29.7",
        "@babel/helper-validator-identifier": "^7.29.7"
      },
      "engines": {
        "node": ">=6.9.0"
      }
    },
    "node_modules/@bcoe/v8-coverage": {
      "version": "1.0.2",
      "resolved": "https://registry.npmjs.org/@bcoe/v8-coverage/-/v8-coverage-1.0.2.tgz",
      "integrity": "sha512-6zABk/ECA/QYSCQ1NGiVwwbQerUCZ+TQbp64Q3AgmfNvurHH0j8TtXa1qbShXA6qqkpAj4V5W8pP6mLe1mcMqA==",
      "dev": true,
      "license": "MIT",
      "engines": {
        "node": ">=18"
      }
    },
    "node_modules/@borewit/text-codec": {
      "version": "0.2.2",
      "resolved": "https://registry.npmjs.org/@borewit/text-codec/-/text-codec-0.2.2.tgz",
      "integrity": "sha512-DDaRehssg1aNrH4+2hnj1B7vnUGEjU6OIlyRdkMd0aUdIUvKXrJfXsy8LVtXAy7DRvYVluWbMspsRhz2lcW0mQ==",
      "license": "MIT",
      "funding": {
        "type": "github",
        "url": "https://github.com/sponsors/Borewit"
      }
    },
    "node_modules/@bramus/specificity": {
      "version": "2.4.2",
      "resolved": "https://registry.npmjs.org/@bramus/specificity/-/specificity-2.4.2.tgz",
      "integrity": "sha512-ctxtJ/eA+t+6q2++vj5j7FYX3nRu311q1wfYH3xjlLOsczhlhxAg2FWNUXhpGvAw3BWo1xBcvOV6/YLc2r5FJw==",
      "dev": true,
      "license": "MIT",
      "dependencies": {
        "css-tree": "^3.0.0"
      },
      "bin": {
        "specificity": "bin/cli.js"
      }
    },
    "node_modules/@cacheable/memory": {
      "version": "2.2.0",
      "resolved": "https://registry.npmjs.org/@cacheable/memory/-/memory-2.2.0.tgz",
      "integrity": "sha512-CTLKqLItRCEixEAewD3/j9DB3/o96gpTPD4eJ1v+DGOlxZRZncRQkGYqqnAGCscYd6RNeXfGeiuCphsPtqyIfQ==",
      "license": "MIT",
      "dependencies": {
        "@cacheable/utils": "^2.5.0",
        "@keyv/bigmap": "^1.3.1",
        "hookified": "^1.15.1",
        "keyv": "^5.6.0"
      }
    },
    "node_modules/@cacheable/memory/node_modules/@keyv/bigmap": {
      "×7ãËh‘éì¶»§q«^tBˆKˆ››ÙWÛ[Ù[\ËÝÌØË^[Ù\šX[^™\ˆŽˆÂˆ™\œÚ[ÛˆŽˆKŒŒ‹ˆœ™\ÛÛ™YŽˆšÎ‹ËÜ™YÚ\ÝžK›œZœË›Ü™ËÝÌØË^[Ù\šX[^™\‹ËKÝÌØË^[Ù\šX[^™\‹MKŒŒÞˆ‹ˆš[YÜš]HŽˆœÚMLL‹[ÎYÚN–’L[œLŠÕ\MØXšÑÔPS›[•ÞUÝR“ÐÜÜ‹Ô
ÛÔMUÓMQ•“ÍÑŽS[•Ò™šS[ÍšÛPOOH‹ˆ™]ˆŽˆYKˆ›XÙ[œÙHŽˆ“RU‹ˆ™\[™[˜ÚY\ÈŽˆÂˆž[[˜[YK]˜[Y]ÜˆŽˆ—KŒŒ‚ˆKˆ™[™Ú[™\ÈŽˆÂˆ››ÙHŽˆLN‚ˆBˆKˆ››ÙWÛ[Ù[\ËÝÙXšYXÛÛ™\œÚ[ÛœÈŽˆÂˆ™\œÚ[ÛˆŽˆŽŒŒH‹ˆœ™\ÛÛ™YŽˆšÎ‹ËÜ™YÚ\ÝžK›œZœË›Ü™ËÝÙXšYXÛÛ™\œÚ[ÛœËËKÝÙXšYXÛÛ™\œÚ[ÛœËNŒŒKÞˆ‹ˆš[YÜš]HŽˆœÚMLL‹P“ZÔÝÊÑØ’ÌŒPËÕYÞXV–[”•UÊÚ•ÞQYÍÙMÖSÓLVTÒVÙPPÛ–^Q]ËÓPÛTS]VŠÔÑÜTOOH‹ˆ™]ˆŽˆYKˆ›XÙ[œÙHŽˆ”ÑL‹PÛ]\ÙH‹ˆ™[™Ú[™\ÈŽˆÂˆ››ÙHŽˆLŒ‚ˆBˆKˆ››ÙWÛ[Ù[\ËÝÚ]Ø\\\ÝXœšYÙHŽˆÂˆ™\œÚ[ÛˆŽˆŒK‹ˆœ™\ÛÛ™YŽˆšÎ‹ËÜ™YÚ\ÝžK›œZœË›Ü™ËÝÚ]Ø\\\ÝXœšYÙKËKÝÚ]Ø\\\ÝXœšYÙKLKÞˆ‹ˆš[YÜš]HŽˆœÚMLL‹^VSÌ\TÜÌ™MÝÝžÑ’Û[ØÕQ’VÐYÛPMÑžQÒT–ÑÔVšÌÝÍÜÝÐM––”[™Ú^\™ÌšÍÝ[’\“LÙUQšÐOOH‹ˆ›XÙ[œÙHŽˆ“RU‚ˆKˆ››ÙWÛ[Ù[\ËÝÚ]ÙËY[˜ÛÙ[™ÈŽˆÂˆ™\œÚ[ÛˆŽˆŒËŒKŒH‹ˆœ™\ÛÛ™YŽˆšÎ‹ËÜ™YÚ\ÝžK›œZœË›Ü™ËÝÚ]ÙËY[˜ÛÙ[™ËËKÝÚ]ÙËY[˜ÛÙ[™ËLËŒKŒKÞˆ‹ˆš[YÜš]HŽˆœÚMLL‹MœS™]Ù–PLÖP•Ù]U\‘”›X”X^Ð\TÐS‹ÓYQ[”^Œ^RÝY”ZÑ›ÔÛPŠÚLU”ÛžZNŒ]”OOH‹ˆ™\™XØ]YŽˆ•\ÙH^Ù\ËØž]\È[œÝXY›ÜˆH[Ü™HÜXËXÛÛ™›Ü›X[[™˜\Ý\ˆ[\[Y[][Ûˆ‹ˆ™]ˆŽˆYKˆ›XÙ[œÙHŽˆ“RU‹ˆ™\[™[˜ÚY\ÈŽˆÂˆšXÛÛ‹[]HŽˆŒ‹ŒÈ‚ˆKˆ™[™Ú[™\ÈŽˆÂˆ››ÙHŽˆLN‚ˆBˆKˆ››ÙWÛ[Ù[\ËÝÚ]ÙË[Z[Y]\HŽˆÂˆ™\œÚ[ÛˆŽˆŒŒ‹ˆœ™\ÛÛ™YŽˆšÎ‹ËÜ™YÚ\ÝžK›œZœË›Ü™ËÝÚ]ÙË[Z[Y]\KËKÝÚ]ÙË[Z[Y]\KMŒŒÞˆ‹ˆš[YÜš]HŽˆœÚMLL‹TXRÞS’ZL›QN\‘Y™˜YÓÒÒØÚŒ\M‘QRÔSÕžŽKÚ\Þ“UUÝŽ^SÌ\Õ
Ó›MUÍÚ•ÍŠØÞœLVU™ÏOH‹ˆ™]ˆŽˆYKˆ›XÙ[œÙHŽˆ“RU‹ˆ™[™Ú[™\ÈŽˆÂˆ››ÙHŽˆLN‚ˆBˆKˆ››ÙWÛ[Ù[\ËÝÚ]ÙË]\›ŽˆÂˆ™\œÚ[ÛˆŽˆŒM‹ŒŒH‹ˆœ™\ÛÛ™YŽˆšÎ‹ËÜ™YÚ\ÝžK›œZœË›Ü™ËÝÚ]ÙË]\›ËKÝÚ]ÙË]\›LM‹ŒŒKÞˆ‹ˆš[YÜš]HŽˆœÚMLL‹L]Í–žVŒÒZTÔÑR[œœ™R[L•SÝœš’’]˜ÞU‘^LXÜVšRÙUXÙÓ”ÚšŽXÞÐž™•™ÊÎMYÝÏOH‹ˆ™]ˆŽˆYKˆ›XÙ[œÙHŽˆ“RU‹ˆ™\[™[˜ÚY\ÈŽˆÂˆ^Ù\ËØž]\ÈŽˆ—ŒKŒLKŒ‹ˆˆŽˆ—‹ŒŒ‹ˆÙXšYXÛÛ™\œÚ[ÛœÈŽˆ—ŽŒŒH‚ˆKˆ™[™Ú[™\ÈŽˆÂˆ››ÙHŽˆ—ŒŒŒNKŒŒŒ‹ŒL‹ŒLŒŒ‚ˆBˆKˆ››ÙWÛ[Ù[\ËÝÚXÚŽˆÂˆ™\œÚ[ÛˆŽˆŒ‹ŒŒˆ‹ˆœ™\ÛÛ™YŽˆšÎ‹ËÜ™YÚ\ÝžK›œZœË›Ü™ËÝÚXÚËKÝÚXÚL‹ŒŒ‹Þˆ‹ˆš[YÜš]HŽˆœÚMLL‹P“LÕUÌÔ›ÌÞ\LÖMJØ]ÜÖ\ÑÐ–UÚÚÜS]˜–Ü“Q
ÞZÜšÌÝQQ’˜VVÚ‘UÍ[ÙØ\Ó“QRÓ“ZšXOOH‹ˆ›XÙ[œÙHŽˆ’TÐÈ‹ˆ™\[™[˜ÚY\ÈŽˆÂˆš\Ù^HŽˆ—Œ‹ŒŒ‚ˆKˆ˜š[ˆŽˆÂˆ››ÙK]ÚXÚŽˆ˜š[‹Û›ÙK]ÚXÚ‚ˆKˆ™[™Ú[™\ÈŽˆÂˆ››ÙHŽˆH‚ˆBˆKˆ››ÙWÛ[Ù[\ËÝÚXÚ[[Ù[HŽˆÂˆ™\œÚ[ÛˆŽˆŒ‹ŒŒH‹ˆœ™\ÛÛ™YŽˆšÎ‹ËÜ™YÚ\ÝžK›œZœË›Ü™ËÝÚXÚ[[Ù[KËKÝÚXÚ[[Ù[KL‹ŒŒKÞˆ‹ˆš[YÜš]HŽˆœÚMLL‹ZP™MÔ‘›“ÔŽPQÐšS‘–™Ú›PššØVœSÑ‘•ÒÚÑRÝRZLØÞTÕ“\–VQœÐ[Ù–X]ØÝÔÊÝšOOH‹ˆ›XÙ[œÙHŽˆ’TÐÈ‚ˆKˆ››ÙWÛ[Ù[\ËÝÚKZ\Ë[›ÙK\[›š[™ÈŽˆÂˆ™\œÚ[ÛˆŽˆŒ‹ŒËŒ‹ˆœ™\ÛÛ™YŽˆšÎ‹ËÜ™YÚ\ÝžK›œZœË›Ü™ËÝÚKZ\Ë[›ÙK\[›š[™ËËKÝÚKZ\Ë[›ÙK\[›š[™ËL‹ŒËŒÞˆ‹ˆš[YÜš]HŽˆœÚMLL‹Z\›XUÐ™‘Þ–\[žZ^[’Þ”“ÕÚ˜–•SžN‘ZšÔÍÙZQZX–Ö›]ÝUÛZR^SŠÐÞVQ›ZÛÎ“›NÏOH‹ˆ™]ˆŽˆYKˆ›XÙ[œÙHŽˆ“RU‹ˆ™\[™[˜ÚY\ÈŽˆÂˆœÚYÚ[™›ÈŽˆ—Œ‹ŒŒ‹ˆœÝXÚØ˜XÚÈŽˆŒŒŒˆ‚ˆKˆ˜š[ˆŽˆÂˆÚKZ\Ë[›ÙK\[›š[™ÈŽˆ˜ÛKšœÈ‚ˆKˆ™[™Ú[™\ÈŽˆÂˆ››ÙHŽˆN‚ˆBˆKˆ››ÙWÛ[Ù[\ËÝÚ[‹YÝZYŽˆÂˆ™\œÚ[ÛˆŽˆŒŒ‹ŒH‹ˆœ™\ÛÛ™YŽˆšÎ‹ËÜ™YÚ\ÝžK›œZœË›Ü™ËÝÚ[‹YÝZYËKÝÚ[‹YÝZYLŒ‹ŒKÞˆ‹ˆš[YÜš]HŽˆœÚMLL‹YÑRTUMZÙÛ“Ô[Óœ•Ù›Ò‘’ŒÐYL”PÜÒKÖZÜÛÒU›\ËÛ’›ž’V•Õ“P›Þ“\œ–•
Û‘ÐOOH‹ˆ›XÙ[œÙHŽˆ“RU‚ˆKˆ››ÙWÛ[Ù[\ËÝÛÜ™]Ü˜\ŽˆÂˆ™\œÚ[ÛˆŽˆŒKŒ‹H‹ˆœ™\ÛÛ™YŽˆšÎ‹ËÜ™YÚ\ÝžK›œZœË›Ü™ËÝÛÜ™]Ü˜\ËKÝÛÜ™]Ü˜\LKŒ‹KÞˆ‹ˆš[YÜš]HŽˆœÚMLL‹P“ŒŒYXSSRNUS]œ‘ÙYÍYPÖTÔ^L’––\ØU^–^‘“ØÚÔÍLÔÔQLÜÚÕ›ÕÜ˜ŒÐœ–XÑSØMMPXÐOOH‹ˆ™]ˆŽˆYKˆ›XÙ[œÙHŽˆ“RU‹ˆ™[™Ú[™\ÈŽˆÂˆ››ÙHŽˆLŒLŒ‚ˆBˆKˆ››ÙWÛ[Ù[\ËÝÜ˜\X[œÚHŽˆÂˆ™\œÚ[ÛˆŽˆ‹Œ‹Œ‹ˆœ™\ÛÛ™YŽˆšÎ‹ËÜ™YÚ\ÝžK›œZœË›Ü™ËÝÜ˜\X[œÚKËKÝÜ˜\X[œÚKM‹Œ‹ŒÞˆ‹ˆš[YÜš]HŽˆœÚMLL‹\›Ð‘Þ–XÞ[Q]MÒ[žZÌÑÛÑ“ÙÝX\ÞØR‹ÔÓÒVÒS˜]ÎRÖKÝŠÖœ›]ÓÒÕLQŒÐUP™ž–OOH‹ˆ›XÙ[œÙHŽˆ“RU‹ˆ™\[™[˜ÚY\ÈŽˆÂˆ˜[œÚK\Ý[\ÈŽˆ—ŒŒ‹ˆœÝš[™Ë]ÚYŽˆ—ŒKŒ‹ˆœÝš\X[œÚHŽˆ—‹ŒŒ‚ˆKˆ™[™Ú[™\ÈŽˆÂˆ››ÙHŽˆN‚ˆBˆKˆ››ÙWÛ[Ù[\ËÝÜ˜\X[œÚKÛ›ÙWÛ[Ù[\ËØ[œÚK\™YÙ^ŽˆÂˆ™\œÚ[ÛˆŽˆKŒŒH‹ˆœ™\ÛÛ™YŽˆšÎ‹ËÜ™YÚ\ÝžK›œZœË›Ü™ËØ[œÚK\™YÙ^ËKØ[œÚK\™YÙ^MKŒŒKÞˆ‹ˆš[YÜš]HŽˆœÚMLL‹\]R”VÕQÓ“TÕVÎÜÖMÛØ[šÛÍ“”ÛNLS˜ÑNÌÓÌÜTžžTŽ^‹Ö–’“[UÝŒÍÜSÓØŽ\›UQRÑ”OOH‹ˆ›XÙ[œÙHŽˆ“RU‹ˆ™[™Ú[™\ÈŽˆÂˆ››ÙHŽˆN‚ˆBˆKˆ››ÙWÛ[Ù[\ËÝÜ˜\X[œÚKÛ›ÙWÛ[Ù[\ËÜÝš\X[œÚHŽˆÂˆ™\œÚ[ÛˆŽˆ‹ŒŒH‹ˆœ™\ÛÛ™YŽˆšÎ‹ËÜ™YÚ\ÝžK›œZœË›Ü™ËÜÝš\X[œÚKËKÜÝš\X[œÚKM‹ŒŒKÞˆ‹ˆš[YÜš]HŽˆœÚMLL‹VLÎ”ÒÜZÑœÜ›”N]TÖ\]]][ÖÒÜÙU˜QÜœŒÛÌÑØÎP[˜M’™•TÓÐÛ˜žÑÖ‘ŠËÌÛÒMÒÜ”UTÞYMPOOH‹ˆ›XÙ[œÙHŽˆ“RU‹ˆ™\[™[˜ÚY\ÈŽˆÂˆ˜[œÚK\™YÙ^Žˆ—KŒŒH‚ˆKˆ™[™Ú[™\ÈŽˆÂˆ››ÙHŽˆN‚ˆBˆKˆ››ÙWÛ[Ù[\ËÝÜ˜\HŽˆÂˆ™\œÚ[ÛˆŽˆŒKŒŒˆ‹ˆœ™\ÛÛ™YŽˆšÎ‹ËÜ™YÚ\ÝžK›œZœË›Ü™ËÝÜ˜\KËKÝÜ˜\KLKŒŒ‹Þˆ‹ˆš[YÜš]HŽˆœÚMLL‹[ÜÑœÙ[ÜŽ]Ó‘]•ŒŠÕT[ŒÙZÔ–‹ÜÜVÙÚX•ŽRÛÌ^\ÖŒÝMËÒTSÍÞÑ™ÜT˜ÔŒÔPÝ™^”ÔOOH‹ˆ›XÙ[œÙHŽˆ’TÐÈ‚ˆKˆ››ÙWÛ[Ù[\ËÝÜÈŽˆÂˆ™\œÚ[ÛˆŽˆŽŒŒKŒÈ‹ˆœ™\ÛÛ™YŽˆšÎ‹ËÜ™YÚ\ÝžK›œZœË›Ü™ËÝÜËËKÝÜËNŒŒKŒËÞˆ‹ˆš[YÜš]HŽˆœÚMLL‹LŒU‹ÚÔÞÔ‹ÓÒÕÚœ]V”ŒTÕÒÖÝž
ÙL^žXŒÖX›^“QÓ›˜QÌR’YÕÞ’“ÑUÖÓ]œÊÊÛÙY™ÖTLÏOH‹ˆ›XÙ[œÙHŽˆ“RU‹ˆ™[™Ú[™\ÈŽˆÂˆ››ÙHŽˆLLŒŒ‚ˆKˆœY\‘\[™[˜ÚY\ÈŽˆÂˆ˜Y™™\][Žˆ—ŒŒH‹ˆ]‹N]˜[Y]HŽˆMKŒŒˆ‚ˆKˆœY\‘\[™[˜ÚY\ÓY]HŽˆÂˆ˜Y™™\][ŽˆÂˆ›Ü[Û˜[ŽˆYBˆKˆ]‹N]˜[Y]HŽˆÂˆ›Ü[Û˜[ŽˆYBˆBˆBˆKˆ››ÙWÛ[Ù[\ËÝÜÛ]][ÈŽˆÂˆ™\œÚ[ÛˆŽˆŒŒKŒ‹ˆœ™\ÛÛ™YŽˆšÎ‹ËÜ™YÚ\ÝžK›œZœË›Ü™ËÝÜÛ]][ËËKÝÜÛ]][ËLŒKŒÞˆ‹ˆš[YÜš]HŽˆœÚMLL‹ZÑ˜š\ØL›’ÑÔÜNRÌÌÛ“Û˜QÐ˜Ý[ÜP”ÓÕËÝR\Í‘•LPUP[’Ñ’œž•œÎ]œÙÕMÌÕÑŒÕ\ÚÍØXÝÏOH‹ˆ™]ˆŽˆYKˆ›XÙ[œÙHŽˆ“RU‹ˆ™\[™[˜ÚY\ÈŽˆÂˆš\Ë]ÜÛŽˆ—ŒËŒKŒ‚ˆKˆ™[™Ú[™\ÈŽˆÂˆ››ÙHŽˆLN‚ˆKˆ™[™[™ÈŽˆÂˆ\›ŽˆšÎ‹ËÙÚ]X‹˜ÛÛKÜÜÛœÛÜœËÜÚ[™™\ÛÜš\È‚ˆBˆKˆ››ÙWÛ[Ù[\ËÞ[[˜[YK]˜[Y]ÜˆŽˆÂˆ™\œÚ[ÛˆŽˆKŒŒ‹ˆœ™\ÛÛ™YŽˆšÎ‹ËÜ™YÚ\ÝžK›œZœË›Ü™ËÞ[[˜[YK]˜[Y]Ü‹ËKÞ[[˜[YK]˜[Y]Ü‹MKŒŒÞˆ‹ˆš[YÜš]HŽˆœÚMLL‹Q]‘ÒÎRŒÑR˜”›UÕÐTÍ\ÎSV’UX]RÒžXŽÞXZ•Y”UY[šÒYÌ“]“ÕÒXÛLÒL™ÕÕØ›ÐVŒÌRÏOH‹ˆ™]ˆŽˆYKˆ›XÙ[œÙHŽˆ\XÚKL‹Œ‹ˆ™[™Ú[™\ÈŽˆÂˆ››ÙHŽˆLN‚ˆBˆKˆ››ÙWÛ[Ù[\ËÞ[šœÈŽˆÂˆ™\œÚ[ÛˆŽˆŒKŒ‹ˆœ™\ÛÛ™YŽˆšÎ‹ËÜ™YÚ\ÝžK›œZœË›Ü™ËÞ[šœËËKÞ[šœËLKŒÞˆ‹ˆš[YÜš]HŽˆœÚMLL‹Y”›šÔRšZËÓÊÝTÜTÙÜŒŒ›\Q’RÙ”ÎÍZPT\•PÍÌÓ‘UÚØ›ÒT™ŒØZKÌ–YÍ’LZžšY”’Ò“•ÊØÙ™ÛÒPOOH‹ˆ™]ˆŽˆYKˆ›XÙ[œÙHŽˆ“RU‹ˆ™\[™[˜ÚY\ÈŽˆÂˆœØ^ŽˆL‹Œ‹ˆž[Z[\ˆŽˆŸŒLKŒŒ‚ˆKˆ™[™Ú[™\ÈŽˆÂˆ››ÙHŽˆMŒŒ‚ˆBˆKˆ››ÙWÛ[Ù[\ËÞ[Z[\ˆŽˆÂˆ™\œÚ[ÛˆŽˆŒLKŒŒH‹ˆœ™\ÛÛ™YŽˆšÎ‹ËÜ™YÚ\ÝžK›œZœË›Ü™ËÞ[Z[\‹ËKÞ[Z[\‹LLKŒŒKÞˆ‹ˆš[YÜš]HŽˆœÚMLL‹Y‘ÒKÚÑ‘^ÙÓ˜™XØÌÛÚÍLYÔ\žR“UUÎ]”ØLQÒŒUÒÛšÕ^ÛÚYLÑÎN
ÜM˜URUPÚ”ŒÒOOH‹ˆ™]ˆŽˆYKˆ›XÙ[œÙHŽˆ“RU‹ˆ™[™Ú[™\ÈŽˆÂˆ››ÙHŽˆMŒ‚ˆBˆKˆ››ÙWÛ[Ù[\ËÞ[Ú\œÈŽˆÂˆ™\œÚ[ÛˆŽˆŒ‹Œ‹Œ‹ˆœ™\ÛÛ™YŽˆšÎ‹ËÜ™YÚ\ÝžK›œZœË›Ü™ËÞ[Ú\œËËKÞ[Ú\œËL‹Œ‹ŒÞˆ‹ˆš[YÜš]HŽˆœÚMLL‹R–›‘ÒÎŒÑÎ“™R\’ÊÒRÊÜÍÓŽšÜÒMÔÒ]ULÕV’œÛ]ÚJÝUÐ•VSÝÔÕÍÕÍÔ“™•RÜ‘ÝÏOH‹ˆ™]ˆŽˆYKˆ›XÙ[œÙHŽˆ“RU‚ˆKˆ››ÙWÛ[Ù[\ËÞLNˆŽˆÂˆ™\œÚ[ÛˆŽˆŒŒÈ‹ˆœ™\ÛÛ™YŽˆšÎ‹ËÜ™YÚ\ÝžK›œZœË›Ü™ËÞLN‹ËKÞLN‹MŒŒËÞˆ‹ˆš[YÜš]HŽˆœÚMLL‹R’ÚUÝÔÜœSLS–M[ÞŒQÜšU[Ù[RVSQST’ŠÚ]™
ÐP•‘Nš“Ý’UÓ
Ü”ÜS‘ÍÍÔÑ›[‹ÕMV”OOH‹ˆ›XÙ[œÙHŽˆ’TÐÈ‚ˆKˆ››ÙWÛ[Ù[\ËÞX[\ÝŽˆÂˆ™\œÚ[ÛˆŽˆŒŒ‹ˆœ™\ÛÛ™YŽˆšÎ‹ËÜ™YÚ\ÝžK›œZœË›Ü™ËÞX[\ÝËKÞX[\ÝMŒŒÞˆ‹ˆš[YÜš]HŽˆœÚMLL‹LÝÙÚYž\MTŒTÍUÔÔLÝÚ–[UÓZ[LšÔ˜Ý‹ÍTÛŒ™[TLXÔUÍV–ZÒÝ™Í‘\Ý˜™“
Ñ–QXÝÐOOH‹ˆ™]ˆŽˆYKˆ›XÙ[œÙHŽˆ’TÐÈ‚ˆKˆ››ÙWÛ[Ù[\ËÞX[[ŽˆÂˆ™\œÚ[ÛˆŽˆŒ‹ŽKŒ‹ˆœ™\ÛÛ™YŽˆšÎ‹ËÜ™YÚ\ÝžK›œZœË›Ü™ËÞX[[ËKÞX[[L‹ŽKŒÞˆ‹ˆš[YÜš]HŽˆœÚMLL‹L]š–ÛXŽ™–žMÒS•ÜQŒMRÍ•ÛœZŒÜ•ÛÒÓÜ[ÙÓRSRš^]QÜL’ÙRL–QžT™ŠÌÓÌLÙSSÐOOH‹ˆ›XÙ[œÙHŽˆ’TÐÈ‹ˆ˜š[ˆŽˆÂˆžX[[Žˆ˜š[‹›ZœÈ‚ˆKˆ™[™Ú[™\ÈŽˆÂˆ››ÙHŽˆHMˆ‚ˆKˆ™[™[™ÈŽˆÂˆ\›ŽˆšÎ‹ËÙÚ]X‹˜ÛÛKÜÜÛœÛÜœËÙY[Y[H‚ˆBˆKˆ››ÙWÛ[Ù[\ËÞX\™ÜÈŽˆÂˆ™\œÚ[ÛˆŽˆŒMKŒH‹ˆœ™\ÛÛ™YŽˆšÎ‹ËÜ™YÚ\ÝžK›œZœË›Ü™ËÞX\™ÜËËKÞX\™ÜËLMKŒKÞˆ‹ˆš[YÜš]HŽˆœÚMLL‹XYTžXÖUÊÊÔ\PœÒŠÒUQÐÙ™šžMÎMMÔ[ÜŽÓÕš\Q‘‘Q”‹ÓÎZLÛÑSš“ÍÔV
ÐOOH‹ˆ›XÙ[œÙHŽˆ“RU‹ˆ™\[™[˜ÚY\ÈŽˆÂˆ˜Û]ZHŽˆ—‹ŒŒ‹ˆ™XØ[Y[^™HŽˆ—ŒKŒ‹Œ‹ˆ™š[™]\Žˆ—ŒKŒ‹ˆ™Ù]XØ[\‹Yš[HŽˆ—Œ‹ŒŒH‹ˆœ™\]Z\™KY\™XÝÜžHŽˆ—Œ‹ŒKŒH‹ˆœ™\]Z\™K[XZ[‹Yš[[˜[YHŽˆ—Œ‹ŒŒ‹ˆœÙ]X›ØÚÚ[™ÈŽˆ—Œ‹ŒŒ‹ˆœÝš[™Ë]ÚYŽˆ—Œ‹Œ‹ˆÚXÚ[[Ù[HŽˆ—Œ‹ŒŒ‹ˆžLNˆŽˆ—ŒŒ‹ˆžX\™ÜË\\œÙ\ˆŽˆ—ŒNŒKŒˆ‚ˆKˆ™[™Ú[™\ÈŽˆÂˆ››ÙHŽˆN‚ˆBˆKˆ››ÙWÛ[Ù[\ËÞX\™ÜË\\œÙ\ˆŽˆÂˆ™\œÚ[ÛˆŽˆŒNŒKŒÈ‹ˆœ™\ÛÛ™YŽˆšÎ‹ËÜ™YÚ\ÝžK›œZœË›Ü™ËÞX\™ÜË\\œÙ\‹ËKÞX\™ÜË\\œÙ\‹LNŒKŒËÞˆ‹ˆš[YÜš]HŽˆœÚMLL‹[ÍLŒ™UÞKÍÍ“Ö˜ØT[UÍ›VÚMØÜÔ‘VÑÚÌ›ÛQ”‘]ÕS“Õ’Ý›QŽQRLYR–•^V˜Ô‘ÚÞÐ•ÛT–YÔOOH‹ˆ›XÙ[œÙHŽˆ’TÐÈ‹ˆ™\[™[˜ÚY\ÈŽˆÂˆ˜Ø[Y[Ø\ÙHŽˆ—KŒŒ‹ˆ™XØ[Y[^™HŽˆ—ŒKŒ‹Œ‚ˆKˆ™[™Ú[™\ÈŽˆÂˆ››ÙHŽˆMˆ‚ˆBˆKˆ››ÙWÛ[Ù[\ËÞX\™ÜËÛ›ÙWÛ[Ù[\ËÙš[™]\ŽˆÂˆ™\œÚ[ÛˆŽˆŒKŒ‹ˆœ™\ÛÛ™YŽˆšÎ‹ËÜ™YÚ\ÝžK›œZœË›Ü™ËÙš[™]\ËKÙš[™]\MŒKŒÞˆ‹ˆš[YÜš]HŽˆœÚMLL‹TÝÐYKÖ[LšŽLÚZ\VTšLÝØÙU”TQÖUÞ’S˜ØÜM[ÍÐ›ÑVÓXV
ÓÓM‘œN\ÝR\UÑÜÛ’TÛÏOH‹ˆ›XÙ[œÙHŽˆ“RU‹ˆ™\[™[˜ÚY\ÈŽˆÂˆ›ØØ]K\]Žˆ—KŒŒ‹ˆœ]Y^\ÝÈŽˆ—ŒŒ‚ˆKˆ™[™Ú[™\ÈŽˆÂˆ››ÙHŽˆN‚ˆBˆKˆ››ÙWÛ[Ù[\ËÞX\™ÜËÛ›ÙWÛ[Ù[\ËÛØØ]K\]ŽˆÂˆ™\œÚ[ÛˆŽˆKŒŒ‹ˆœ™\ÛÛ™YŽˆšÎ‹ËÜ™YÚ\ÝžK›œZœË›Ü™ËÛØØ]K\]ËKÛØØ]K\]MKŒŒÞˆ‹ˆš[YÜš]HŽˆœÚMLL‹]ÚÎ\JÕÝ]Ó’–ÚÍ^•’Z\^™ÌœUÛ“ÙŒUžÔØ™LÑœ•šYV˜ÙS–Z˜SÞMœ]QÜQQÕÑÎÕÜRÛœNÏOH‹ˆ›XÙ[œÙHŽˆ“RU‹ˆ™\[™[˜ÚY\ÈŽˆÂˆœ[ØØ]HŽˆ—ŒKŒ‚ˆKˆ™[™Ú[™\ÈŽˆÂˆ››ÙHŽˆN‚ˆBˆKˆ››ÙWÛ[Ù[\ËÞX\™ÜËÛ›ÙWÛ[Ù[\ËÜ[[Z]ŽˆÂˆ™\œÚ[ÛˆŽˆŒ‹ŒËŒ‹ˆœ™\ÛÛ™YŽˆšÎ‹ËÜ™YÚ\ÝžK›œZœË›Ü™ËÜ[[Z]ËKÜ[[Z]L‹ŒËŒÞˆ‹ˆš[YÜš]HŽˆœÚMLL‹KËÎQ•ÔÒžÞÙPP•““^UÐŒLŠÙRVMÓQ”ÜSPZÙRÕN\^•ÝTÞU›LÑ•[\‘S]Q™˜ÚÐR\QXU‘ÕQÏOH‹ˆ›XÙ[œÙHŽˆ“RU‹ˆ™\[™[˜ÚY\ÈŽˆÂˆœ]žHŽˆ—Œ‹ŒŒ‚ˆKˆ™[™Ú[™\ÈŽˆÂˆ››ÙHŽˆMˆ‚ˆKˆ™[™[™ÈŽˆÂˆ\›ŽˆšÎ‹ËÙÚ]X‹˜ÛÛKÜÜÛœÛÜœËÜÚ[™™\ÛÜš\È‚ˆBˆKˆ››ÙWÛ[Ù[\ËÞX\™ÜËÛ›ÙWÛ[Ù[\ËÜ[ØØ]HŽˆÂˆ™\œÚ[ÛˆŽˆŒKŒ‹ˆœ™\ÛÛ™YŽˆšÎ‹ËÜ™YÚ\ÝžK›œZœË›Ü™ËÜ[ØØ]KËKÜ[ØØ]KMŒKŒÞˆ‹ˆš[YÜš]HŽˆœÚMLL‹TÎV–‹ÌÐ^ÑÝLÛÖS[ŽžKÚØšÓœ”ÍÔÒÖÔR™ÒJÑŒ›]•Ì™’Ì˜ÓÝšXÒZÔ\Øž‘•ÒJÑ[Ô’ÙM–]ÒÍÐOOH‹ˆ›XÙ[œÙHŽˆ“RU‹ˆ™\[™[˜ÚY\ÈŽˆÂˆœ[[Z]Žˆ—Œ‹Œ‹Œ‚ˆKˆ™[™Ú[™\ÈŽˆÂˆ››ÙHŽˆN‚ˆBˆKˆ››ÙWÛ[Ù[\ËÞX]^›ŽˆÂˆ™\œÚ[ÛˆŽˆŒËŒËŒ‹ˆœ™\ÛÛ™YŽˆšÎ‹ËÜ™YÚ\ÝžK›œZœË›Ü™ËÞX]^›ËKÞX]^›LËŒËŒÞˆ‹ˆš[YÜš]HŽˆœÚMLL‹TÑ]‘TÌÜØ’P’’ÕPš•[œYÕ“ÞSUT˜ÍÎZSžPR›“’Q^Ž\NÐÖŒŒ]ÎMÙÌÚÍ”–ÙVšQÑÔÌQSÓ“”OOH‹ˆ™]ˆŽˆYKˆ›XÙ[œÙHŽˆ“RU‹ˆ™\[™[˜ÚY\ÈŽˆÂˆ˜Y™™\‹XÜ˜ÌÌˆŽˆŸŒŒ‹ŒÈ‹ˆœ[™ŽˆŸŒKŒ‹Œ‚ˆKˆ™[™Ú[™\ÈŽˆÂˆ››ÙHŽˆLLˆ‚ˆBˆKˆ››ÙWÛ[Ù[\ËÞX^›ŽˆÂˆ™\œÚ[ÛˆŽˆŒ‹KŒH‹ˆœ™\ÛÛ™YŽˆšÎ‹ËÜ™YÚ\ÝžK›œZœË›Ü™ËÞX^›ËKÞX^›L‹KŒKÞˆ‹ˆš[YÜš]HŽˆœÚMLL‹\SšL”R’”P•›Ý
Ù›˜PVŒÜÚÜÙ•Û
Þ›’Z‘“RL”ÖÒ–ŒÌ”“ØR\YRN\Qœ”ÓÐ“]œÏOH‹ˆ™]ˆŽˆYKˆ›XÙ[œÙHŽˆ“RU‹ˆ™\[™[˜ÚY\ÈŽˆÂˆ˜Y™™\‹XÜ˜ÌÌˆŽˆŸŒŒ‹ŒÈ‚ˆBˆKˆ››ÙWÛ[Ù[\ËÞ[ØÝË\]Y]YHŽˆÂˆ™\œÚ[ÛˆŽˆŒŒKŒ‹ˆœ™\ÛÛ™YŽˆšÎ‹ËÜ™YÚ\ÝžK›œZœË›Ü™ËÞ[ØÝË\]Y]YKËKÞ[ØÝË\]Y]YKLŒKŒÞˆ‹ˆš[YÜš]HŽˆœÚMLL‹\•šÜÝœÛ“Ù‹ÛÚØÍžÔÞSŽZPÞÚSN^QKÝÛSÕœR™]ÔSÌ[ZSZT™ÕÐÓ^YPQ•˜YÝÍÒS–Œ”OOH‹ˆ™]ˆŽˆYKˆ›XÙ[œÙHŽˆ“RU‹ˆ™[™Ú[™\ÈŽˆÂˆ››ÙHŽˆLL‚ˆKˆ™[™[™ÈŽˆÂˆ\›ŽˆšÎ‹ËÙÚ]X‹˜ÛÛKÜÜÛœÛÜœËÜÚ[™™\ÛÜš\È‚ˆBˆKˆ››ÙWÛ[Ù[\ËÞ›ÙŽˆÂˆ™\œÚ[ÛˆŽˆŒËˆ‹ˆœ™\ÛÛ™YŽˆšÎ‹ËÜ™YÚ\ÝžK›œZœË›Ü™ËÞ›ÙËKÞ›ÙMŒË‹Þˆ‹ˆš[YÜš]HŽˆœÚMLL‹\™šÚ“ØÚ‘ÚÑÛ•]–šÝ˜TÜÑUÜSÓÓQUŽL]ÝU‘›ÕÛÔÒÖÌÖTMY’QŒÔÕ˜Ö^RÜŠÔZÏOH‹ˆ›XÙ[œÙHŽˆ“RU‹ˆ™[™[™ÈŽˆÂˆ\›ŽˆšÎ‹ËÙÚ]X‹˜ÛÛKÜÜÛœÛÜœËØÛÛ[šXÚÜÈ‚ˆBˆKˆ››ÙWÛ[Ù[\ËÞ›Ù]ËZœÛÛ‹\ØÚ[XHŽˆÂˆ™\œÚ[ÛˆŽˆŒËŒKŒˆ‹ˆœ™\ÛÛ™YŽˆšÎ‹ËÜ™YÚ\ÝžK›œZœË›Ü™ËÞ›Ù]ËZœÛÛ‹\ØÚ[XKËKÞ›Ù]ËZœÛÛ‹\ØÚ[XKLËŒKŒ‹Þˆ‹ˆš[YÜš]HŽˆœÚMLL‹SËÔÙ›œ^ÔÑTVTÐÙ”’MQÞLÚŽL[RÕ‘VSR’“ZQœ”STÛ•ÛÙ›NÛLM–“™–’SMÑÞTÓPQ›š’OOH‹ˆ›XÙ[œÙHŽˆ’TÐÈ‹ˆœY\‘\[™[˜ÚY\ÈŽˆÂˆž›ÙŽˆ—ŒËŒKŒŽ‚ˆBˆKˆ››ÙWÛ[Ù[\ËÞÚ]ÚŽˆÂˆ™\œÚ[ÛˆŽˆŒ‹Œ‹ˆœ™\ÛÛ™YŽˆšÎ‹ËÜ™YÚ\ÝžK›œZœË›Ü™ËÞÚ]ÚËKÞÚ]ÚL‹ŒÞˆ‹ˆš[YÜš]HŽˆœÚMLL‹X–MÔ‹ÚÕ–šÖ–Ôš”Y›RÕšU›[›ÕLÝ˜Ž\”QXÌ^JÞž–ŽQÙ•ÖŒÙNMÍÌMÕ‘›[Ô
ÐOOH‹ˆ›XÙ[œÙHŽˆ“RU‹ˆ™[™[™ÈŽˆÂˆ\HŽˆ™Ú]Xˆ‹ˆ\›ŽˆšÎ‹ËÙÚ]X‹˜ÛÛKÜÜÛœÛÜœËÝÛÛÛÜ›H‚ˆBˆBˆBŸB